
Microsoft Visual Studio Solution File, Format Version 12.00
# Visual Studio Version 17
VisualStudioVersion = 17.0.31903.59
MinimumVisualStudioVersion = 10.0.40219.1
Project("{FAE04EC0-301F-11D3-BF4B-00C04F79EFBC}") = "Constructors", "Constructors\Constructors.csproj", "{488FA4C1-EB0F-4C3C-B7B6-42934C5A195D}"
EndProject
Project("{FAE04EC0-301F-11D3-BF4B-00C04F79EFBC}") = "Encapsulation", "Encapsulation\Encapsulation.csproj", "{6EDBB569-48F3-4272-A670-D41182AD0231}"
EndProject
Project("{FAE04EC0-301F-11D3-BF4B-00C04F79EFBC}") = "Inheritance", "Inheritance\Inheritance.csproj", "{27644E11-AAE5-488B-A6F2-91FA6FAD9B1C}"
EndProject
Global
	GlobalSection(SolutionConfigurationPlatforms) = preSolution
		Debug|Any CPU = Debug|Any CPU
		Release|Any CPU = Release|Any CPU
	EndGlobalSection
	GlobalSection(SolutionProperties) = preSolution
		HideSolutionNode = FALSE
	EndGlobalSection
	GlobalSection(ProjectConfigurationPlatforms) = postSolution
		{488FA4C1-EB0F-4C3C-B7B6-42934C5A195D}.Debug|Any CPU.ActiveCfg = Debug|Any CPU
		{488FA4C1-EB0F-4C3C-B7B6-42934C5A195D}.Debug|Any CPU.Build.0 = Debug|Any CPU
		{488FA4C1-EB0F-4C3C-B7B6-42934C5A195D}.Release|Any CPU.ActiveCfg = Release|Any CPU
		{488FA4C1-EB0F-4C3C-B7B6-42934C5A195D}.Release|Any CPU.Build.0 = Release|Any CPU
		{6EDBB569-48F3-4272-A670-D41182AD0231}.Debug|Any CPU.ActiveCfg = Debug|Any CPU
		{6EDBB569-48F3-4272-A670-D41182AD0231}.Debug|Any CPU.Build.0 = Debug|Any CPU
		{6EDBB569-48F3-4272-A670-D41182AD0231}.Release|Any CPU.ActiveCfg = Release|Any CPU
		{6EDBB569-48F3-4272-A670-D41182AD0231}.Release|Any CPU.Build.0 = Release|Any CPU
		{27644E11-AAE5-488B-A6F2-91FA6FAD9B1C}.Debug|Any CPU.ActiveCfg = Debug|Any CPU
		{27644E11-AAE5-488B-A6F2-91FA6FAD9B1C}.Debug|Any CPU.Build.0 = Debug|Any CPU
		{27644E11-AAE5-488B-A6F2-91FA6FAD9B1C}.Release|Any CPU.ActiveCfg = Release|Any CPU
		{27644E11-AAE5-488B-A6F2-91FA6FAD9B1C}.Release|Any CPU.Build.0 = Release|Any CPU
	EndGlobalSection
EndGlobal
